// !$*UTF8*$!
{
	archiveVersion = 1;
	classes = {
	};
	objectVersion = 77;
	objects = {

/* Begin PBXBuildFile section */
		1A2001932F09CFFF00700496 /* itori.icon in Resources */ = {isa = PBXBuildFile; fileRef = 1A2001922F09CFFF00700496 /* itori.icon */; };
		1A2001942F09CFFF00700496 /* itori.icon in Resources */ = {isa = PBXBuildFile; fileRef = 1A2001922F09CFFF00700496 /* itori.icon */; };
		1A2001962F09CFFF00700496 /* itori.icon in Resources */ = {isa = PBXBuildFile; fileRef = 1A2001922F09CFFF00700496 /* itori.icon */; };
		1A58B1622EF58EAC0077C827 /* Notification+Names.swift in Sources */ = {isa = PBXBuildFile; fileRef = 1A58B1612EF58EAB0077C827 /* Notification+Names.swift */; };
		1AE3D13A2F0F3C37000BBED7 /* ItoriWatch Watch App.app in Embed Watch Content */ = {isa = PBXBuildFile; fileRef = 1AE3D11A2F0F3C35000BBED7 /* ItoriWatch Watch App.app */; platformFilters = (ios, iossimulator, watchos, watchsimulator, ); settings = {ATTRIBUTES = (RemoveHeadersOnCopy, ); }; };
		1AE3D1902F0F3C37000BBED7 /* ItoriWatch Watch App/Assets.xcassets in Resources */ = {isa = PBXBuildFile; fileRef = 1AE3D18F2F0F3C37000BBED7 /* ItoriWatch Watch App/Assets.xcassets */; };
/* End PBXBuildFile section */

/* Begin PBXContainerItemProxy section */
		1AD7D4442EDD328A00D403F3 /* PBXContainerItemProxy */ = {
			isa = PBXContainerItemProxy;
			containerPortal = 1AD7D42C2EDD328800D403F3 /* Project object */;
			proxyType = 1;
			remoteGlobalIDString = 1AD7D4332EDD328800D403F3;
			remoteInfo = Itori;
		};
		1AD7D44E2EDD328A00D403F3 /* PBXContainerItemProxy */ = {
			isa = PBXContainerItemProxy;
			containerPortal = 1AD7D42C2EDD328800D403F3 /* Project object */;
			proxyType = 1;
			remoteGlobalIDString = 1AD7D4332EDD328800D403F3;
			remoteInfo = Itori;
		};
		1AE3D1272F0F3C37000BBED7 /* PBXContainerItemProxy */ = {
			isa = PBXContainerItemProxy;
			containerPortal = 1AD7D42C2EDD328800D403F3 /* Project object */;
			proxyType = 1;
			remoteGlobalIDString = 1AE3D1192F0F3C35000BBED7;
			remoteInfo = "ItoriWatch Watch App";
		};
		1AE3D1312F0F3C37000BBED7 /* PBXContainerItemProxy */ = {
			isa = PBXContainerItemProxy;
			containerPortal = 1AD7D42C2EDD328800D403F3 /* Project object */;
			proxyType = 1;
			remoteGlobalIDString = 1AE3D1192F0F3C35000BBED7;
			remoteInfo = "ItoriWatch Watch App";
		};
		1AE3D1382F0F3C37000BBED7 /* PBXContainerItemProxy */ = {
			isa = PBXContainerItemProxy;
			containerPortal = 1AD7D42C2EDD328800D403F3 /* Project object */;
			proxyType = 1;
			remoteGlobalIDString = 1AE3D1192F0F3C35000BBED7;
			remoteInfo = "ItoriWatch Watch App";
		};
/* End PBXContainerItemProxy section */

/* Begin PBXCopyFilesBuildPhase section */
		1AE3D13E2F0F3C37000BBED7 /* Embed Watch Content */ = {
			isa = PBXCopyFilesBuildPhase;
			buildActionMask = 2147483647;
			dstPath = "$(CONTENTS_FOLDER_PATH)/Watch";
			dstSubfolderSpec = 16;
			files = (
				1AE3D13A2F0F3C37000BBED7 /* ItoriWatch Watch App.app in Embed Watch Content */,
			);
			name = "Embed Watch Content";
			runOnlyForDeploymentPostprocessing = 0;
		};
		1B0A00122F111111 /* Embed App Extensions */ = {
			isa = PBXCopyFilesBuildPhase;
			buildActionMask = 2147483647;
			dstPath = "";
			dstSubfolderSpec = 13;
			files = (
			);
			name = "Embed App Extensions";
			runOnlyForDeploymentPostprocessing = 0;
		};
/* End PBXCopyFilesBuildPhase section */

/* Begin PBXFileReference section */
		1A2001922F09CFFF00700496 /* itori.icon */ = {isa = PBXFileReference; lastKnownFileType = folder.iconcomposer.icon; path = itori.icon; sourceTree = "<group>"; };
		1A41D6D02F09EDC9008D1FA6 /* Itori-Info.plist */ = {isa = PBXFileReference; lastKnownFileType = text.plist; path = "Itori-Info.plist"; sourceTree = "<group>"; };
		1A58B1612EF58EAB0077C827 /* Notification+Names.swift */ = {isa = PBXFileReference; lastKnownFileType = sourcecode.swift; path = "Notification+Names.swift"; sourceTree = "<group>"; };
		1AD7D4342EDD328800D403F3 /* Itori.app */ = {isa = PBXFileReference; explicitFileType = wrapper.application; includeInIndex = 0; path = Itori.app; sourceTree = BUILT_PRODUCTS_DIR; };
		1AD7D4432EDD328A00D403F3 /* ItoriTests.xctest */ = {isa = PBXFileReference; explicitFileType = wrapper.cfbundle; includeInIndex = 0; path = ItoriTests.xctest; sourceTree = BUILT_PRODUCTS_DIR; };
		1AD7D44D2EDD328A00D403F3 /* ItoriUITests.xctest */ = {isa = PBXFileReference; explicitFileType = wrapper.cfbundle; includeInIndex = 0; path = ItoriUITests.xctest; sourceTree = BUILT_PRODUCTS_DIR; };
		1AE3D11A2F0F3C35000BBED7 /* ItoriWatch Watch App.app */ = {isa = PBXFileReference; explicitFileType = wrapper.application; includeInIndex = 0; path = "ItoriWatch Watch App.app"; sourceTree = BUILT_PRODUCTS_DIR; };
		1AE3D1262F0F3C37000BBED7 /* ItoriWatch Watch AppTests.xctest */ = {isa = PBXFileReference; explicitFileType = wrapper.cfbundle; includeInIndex = 0; path = "ItoriWatch Watch AppTests.xctest"; sourceTree = BUILT_PRODUCTS_DIR; };
		1AE3D1302F0F3C37000BBED7 /* ItoriWatch Watch AppUITests.xctest */ = {isa = PBXFileReference; explicitFileType = wrapper.cfbundle; includeInIndex = 0; path = "ItoriWatch Watch AppUITests.xctest"; sourceTree = BUILT_PRODUCTS_DIR; };
		1AE3D18F2F0F3C37000BBED7 /* ItoriWatch Watch App/Assets.xcassets */ = {isa = PBXFileReference; lastKnownFileType = folder.assetcatalog; path = "ItoriWatch Watch App/Assets.xcassets"; sourceTree = "<group>"; };
/* End PBXFileReference section */

/* Begin PBXFileSystemSynchronizedBuildFileExceptionSet section */
		1A9FC3BD2F05CBA100832365 /* Exceptions for "SharedCore" folder in "Itori" target */ = {
			isa = PBXFileSystemSynchronizedBuildFileExceptionSet;
			membershipExceptions = (
				DesignSystem/Localizable.xcstrings,
			);
			target = 1AD7D4332EDD328800D403F3 /* Itori */;
		};
/* End PBXFileSystemSynchronizedBuildFileExceptionSet section */

/* Begin PBXFileSystemSynchronizedGroupBuildPhaseMembershipExceptionSet section */
		1A9FC3BE2F05CBA100832365 /* Exceptions for "SharedCore" folder in "Compile Sources" phase from "Itori" target */ = {
			isa = PBXFileSystemSynchronizedGroupBuildPhaseMembershipExceptionSet;
			buildPhase = 1AD7D4302EDD328800D403F3 /* Sources */;
			membershipExceptions = (
				DesignSystem/Localizable.xcstrings,
			);
		};
/* End PBXFileSystemSynchronizedGroupBuildPhaseMembershipExceptionSet section */

/* Begin PBXFileSystemSynchronizedRootGroup section */
		0C39BF544BB34BC69FE56ED2 /* Platforms/watchOS */ = {
			isa = PBXFileSystemSynchronizedRootGroup;
			path = Platforms/watchOS;
			sourceTree = "<group>";
		};
		1AD7D4462EDD328A00D403F3 /* Tests/Unit/ItoriTests */ = {
			isa = PBXFileSystemSynchronizedRootGroup;
			path = Tests/Unit/ItoriTests;
			sourceTree = "<group>";
		};
		1AD7D4502EDD328A00D403F3 /* Tests/ItoriUITests */ = {
			isa = PBXFileSystemSynchronizedRootGroup;
			path = Tests/ItoriUITests;
			sourceTree = "<group>";
		};
		1AD7D46B2EDD328800D403F3 /* SharedCore */ = {
			isa = PBXFileSystemSynchronizedRootGroup;
			exceptions = (
				1A9FC3BD2F05CBA100832365 /* Exceptions for "SharedCore" folder in "Itori" target */,
				1A9FC3BE2F05CBA100832365 /* Exceptions for "SharedCore" folder in "Compile Sources" phase from "Itori" target */,
			);
			path = SharedCore;
			sourceTree = "<group>";
		};
		1AD7D46C2EDD328800D403F3 /* Platforms/macOS */ = {
			isa = PBXFileSystemSynchronizedRootGroup;
			path = Platforms/macOS;
			sourceTree = "<group>";
		};
		1AD7D4702EDD328800D403F3 /* Platforms/iOS */ = {
			isa = PBXFileSystemSynchronizedRootGroup;
			path = Platforms/iOS;
			sourceTree = "<group>";
		};
		1AE3D11B2F0F3C35000BBED7 /* ItoriWatch Watch App */ = {
			isa = PBXFileSystemSynchronizedRootGroup;
			path = "ItoriWatch Watch App";
			sourceTree = "<group>";
		};
/* End PBXFileSystemSynchronizedRootGroup section */

/* Begin PBXFrameworksBuildPhase section */
		1AD7D4312EDD328800D403F3 /* Frameworks */ = {
			isa = PBXFrameworksBuildPhase;
			buildActionMask = 2147483647;
			files = (
			);
			runOnlyForDeploymentPostprocessing = 0;
		};
		1AD7D4402EDD328A00D403F3 /* Frameworks */ = {
			isa = PBXFrameworksBuildPhase;
			buildActionMask = 2147483647;
			files = (
			);
			runOnlyForDeploymentPostprocessing = 0;
		};
		1AD7D44A2EDD328A00D403F3 /* Frameworks */ = {
			isa = PBXFrameworksBuildPhase;
			buildActionMask = 2147483647;
			files = (
			);
			runOnlyForDeploymentPostprocessing = 0;
		};
		1AE3D1172F0F3C35000BBED7 /* Frameworks */ = {
			isa = PBXFrameworksBuildPhase;
			buildActionMask = 2147483647;
			files = (
			);
			runOnlyForDeploymentPostprocessing = 0;
		};
		1AE3D1232F0F3C37000BBED7 /* Frameworks */ = {
			isa = PBXFrameworksBuildPhase;
			buildActionMask = 2147483647;
			files = (
			);
			runOnlyForDeploymentPostprocessing = 0;
		};
		1AE3D12D2F0F3C37000BBED7 /* Frameworks */ = {
			isa = PBXFrameworksBuildPhase;
			buildActionMask = 2147483647;
			files = (
			);
			runOnlyForDeploymentPostprocessing = 0;
		};
/* End PBXFrameworksBuildPhase section */

/* Begin PBXGroup section */
		1A58C8A92EF5D2760077C827 /* Recovered References */ = {
			isa = PBXGroup;
			children = (
				1AD7D4702EDD328800D403F3 /* Platforms/iOS */,
				1AE3D18F2F0F3C37000BBED7 /* ItoriWatch Watch App/Assets.xcassets */,
			);
			name = "Recovered References";
			sourceTree = "<group>";
		};
		1AD7D42B2EDD328800D403F3 = {
			isa = PBXGroup;
			children = (
				1A41D6D02F09EDC9008D1FA6 /* Itori-Info.plist */,
				1A2001922F09CFFF00700496 /* itori.icon */,
				1AD7D46B2EDD328800D403F3 /* SharedCore */,
				1AD7D46C2EDD328800D403F3 /* Platforms/macOS */,
				0C39BF544BB34BC69FE56ED2 /* Platforms/watchOS */,
				1AD7D4462EDD328A00D403F3 /* Tests/Unit/ItoriTests */,
				1AD7D4502EDD328A00D403F3 /* Tests/ItoriUITests */,
				1AE3D11B2F0F3C35000BBED7 /* ItoriWatch Watch App */,
				1AD7D4352EDD328800D403F3 /* Products */,
				1A58B1612EF58EAB0077C827 /* Notification+Names.swift */,
				1A58C8A92EF5D2760077C827 /* Recovered References */,
			);
			sourceTree = "<group>";
		};
		1AD7D4352EDD328800D403F3 /* Products */ = {
			isa = PBXGroup;
			children = (
				1AD7D4342EDD328800D403F3 /* Itori.app */,
				1AD7D4432EDD328A00D403F3 /* ItoriTests.xctest */,
				1AD7D44D2EDD328A00D403F3 /* ItoriUITests.xctest */,
				1AE3D11A2F0F3C35000BBED7 /* ItoriWatch Watch App.app */,
				1AE3D1262F0F3C37000BBED7 /* ItoriWatch Watch AppTests.xctest */,
				1AE3D1302F0F3C37000BBED7 /* ItoriWatch Watch AppUITests.xctest */,
			);
			name = Products;
			sourceTree = "<group>";
		};
/* End PBXGroup section */

/* Begin PBXNativeTarget section */
		1AD7D4332EDD328800D403F3 /* Itori */ = {
			isa = PBXNativeTarget;
			buildConfigurationList = 1AD7D4572EDD328A00D403F3 /* Build configuration list for PBXNativeTarget "Itori" */;
			buildPhases = (
				1AD7D4302EDD328800D403F3 /* Sources */,
				1AD7D4312EDD328800D403F3 /* Frameworks */,
				1AD7D4322EDD328800D403F3 /* Resources */,
				1AE3D13E2F0F3C37000BBED7 /* Embed Watch Content */,
			);
			buildRules = (
			);
			dependencies = (
				1AE3D1392F0F3C37000BBED7 /* PBXTargetDependency */,
			);
			fileSystemSynchronizedGroups = (
				1AD7D46B2EDD328800D403F3 /* SharedCore */,
				1AD7D46C2EDD328800D403F3 /* Platforms/macOS */,
				1AD7D4702EDD328800D403F3 /* Platforms/iOS */,
			);
			name = Itori;
			packageProductDependencies = (
			);
			productName = Itori;
			productReference = 1AD7D4342EDD328800D403F3 /* Itori.app */;
			productType = "com.apple.product-type.application";
		};
		1AD7D4422EDD328A00D403F3 /* ItoriTests */ = {
			isa = PBXNativeTarget;
			buildConfigurationList = 1AD7D45A2EDD328A00D403F3 /* Build configuration list for PBXNativeTarget "ItoriTests" */;
			buildPhases = (
				1AD7D43F2EDD328A00D403F3 /* Sources */,
				1AD7D4402EDD328A00D403F3 /* Frameworks */,
				1AD7D4412EDD328A00D403F3 /* Resources */,
			);
			buildRules = (
			);
			dependencies = (
				1AD7D4452EDD328A00D403F3 /* PBXTargetDependency */,
			);
			fileSystemSynchronizedGroups = (
				1AD7D4462EDD328A00D403F3 /* Tests/Unit/ItoriTests */,
			);
			name = ItoriTests;
			packageProductDependencies = (
			);
			productName = ItoriTests;
			productReference = 1AD7D4432EDD328A00D403F3 /* ItoriTests.xctest */;
			productType = "com.apple.product-type.bundle.unit-test";
		};
		1AD7D44C2EDD328A00D403F3 /* ItoriUITests */ = {
			isa = PBXNativeTarget;
			buildConfigurationList = 1AD7D45D2EDD328A00D403F3 /* Build configuration list for PBXNativeTarget "ItoriUITests" */;
			buildPhases = (
				1AD7D4492EDD328A00D403F3 /* Sources */,
				1AD7D44A2EDD328A00D403F3 /* Frameworks */,
				1AD7D44B2EDD328A00D403F3 /* Resources */,
			);
			buildRules = (
			);
			dependencies = (
				1AD7D44F2EDD328A00D403F3 /* PBXTargetDependency */,
			);
			fileSystemSynchronizedGroups = (
				1AD7D4502EDD328A00D403F3 /* Tests/ItoriUITests */,
			);
			name = ItoriUITests;
			packageProductDependencies = (
			);
			productName = ItoriUITests;
			productReference = 1AD7D44D2EDD328A00D403F3 /* ItoriUITests.xctest */;
			productType = "com.apple.product-type.bundle.ui-testing";
		};
		1AE3D1192F0F3C35000BBED7 /* ItoriWatch Watch App */ = {
			isa = PBXNativeTarget;
			buildConfigurationList = 1AE3D13B2F0F3C37000BBED7 /* Build configuration list for PBXNativeTarget "ItoriWatch Watch App" */;
			buildPhases = (
				1AE3D1162F0F3C35000BBED7 /* Sources */,
				1AE3D1172F0F3C35000BBED7 /* Frameworks */,
				1AE3D1182F0F3C35000BBED7 /* Resources */,
				1B0A00122F111111 /* Embed App Extensions */,
			);
			buildRules = (
			);
			dependencies = (
			);
			fileSystemSynchronizedGroups = (
				1AE3D11B2F0F3C35000BBED7 /* ItoriWatch Watch App */,
			);
			name = "ItoriWatch Watch App";
			packageProductDependencies = (
			);
			productName = "ItoriWatch Watch App";
			productReference = 1AE3D11A2F0F3C35000BBED7 /* ItoriWatch Watch App.app */;
			productType = "com.apple.product-type.application";
		};
		1AE3D1252F0F3C37000BBED7 /* ItoriWatch Watch AppTests */ = {
			isa = PBXNativeTarget;
			buildConfigurationList = 1AE3D13F2F0F3C37000BBED7 /* Build configuration list for PBXNativeTarget "ItoriWatch Watch AppTests" */;
			buildPhases = (
				1AE3D1222F0F3C37000BBED7 /* Sources */,
				1AE3D1232F0F3C37000BBED7 /* Frameworks */,
				1AE3D1242F0F3C37000BBED7 /* Resources */,
			);
			buildRules = (
			);
			dependencies = (
				1AE3D1282F0F3C37000BBED7 /* PBXTargetDependency */,
			);
			name = "ItoriWatch Watch AppTests";
			packageProductDependencies = (
			);
			productName = "ItoriWatch Watch AppTests";
			productReference = 1AE3D1262F0F3C37000BBED7 /* ItoriWatch Watch AppTests.xctest */;
			productType = "com.apple.product-type.bundle.unit-test";
		};
		1AE3D12F2F0F3C37000BBED7 /* ItoriWatch Watch AppUITests */ = {
			isa = PBXNativeTarget;
			buildConfigurationList = 1AE3D1422F0F3C37000BBED7 /* Build configuration list for PBXNativeTarget "ItoriWatch Watch AppUITests" */;
			buildPhases = (
				1AE3D12C2F0F3C37000BBED7 /* Sources */,
				1AE3D12D2F0F3C37000BBED7 /* Frameworks */,
				1AE3D12E2F0F3C37000BBED7 /* Resources */,
			);
			buildRules = (
			);
			dependencies = (
				1AE3D1322F0F3C37000BBED7 /* PBXTargetDependency */,
			);
			name = "ItoriWatch Watch AppUITests";
			packageProductDependencies = (
			);
			productName = "ItoriWatch Watch AppUITests";
			productReference = 1AE3D1302F0F3C37000BBED7 /* ItoriWatch Watch AppUITests.xctest */;
			productType = "com.apple.product-type.bundle.ui-testing";
		};
/* End PBXNativeTarget section */

/* Begin PBXProject section */
		1AD7D42C2EDD328800D403F3 /* Project object */ = {
			isa = PBXProject;
			attributes = {
				BuildIndependentTargetsInParallel = NO;
				LastSwiftUpdateCheck = 2620;
				LastUpgradeCheck = 2620;
				TargetAttributes = {
					1AD7D4332EDD328800D403F3 = {
						CreatedOnToolsVersion = 26.1.1;
					};
					1AD7D4422EDD328A00D403F3 = {
						CreatedOnToolsVersion = 26.1.1;
						TestTargetID = 1AD7D4332EDD328800D403F3;
					};
					1AD7D44C2EDD328A00D403F3 = {
						CreatedOnToolsVersion = 26.1.1;
						TestTargetID = 1AD7D4332EDD328800D403F3;
					};
					1AE3D1192F0F3C35000BBED7 = {
						CreatedOnToolsVersion = 26.2;
					};
					1AE3D1252F0F3C37000BBED7 = {
						CreatedOnToolsVersion = 26.2;
						TestTargetID = 1AE3D1192F0F3C35000BBED7;
					};
					1AE3D12F2F0F3C37000BBED7 = {
						CreatedOnToolsVersion = 26.2;
						TestTargetID = 1AE3D1192F0F3C35000BBED7;
					};
				};
			};
			buildConfigurationList = 1AD7D42F2EDD328800D403F3 /* Build configuration list for PBXProject "ItoriApp" */;
			developmentRegion = en;
			hasScannedForEncodings = 0;
			knownRegions = (
				en,
				ar,
				"zh-Hans",
				"zh-Hant",
				fr,
				de,
				nl,
				Base,
				ja,
				it,
				sv,
				"pt-BR",
				tr,
				"zh-HK",
				fi,
				da,
				hi,
				ko,
				ru,
				es,
				th,
				uk,
				pl,
				he,
				hu,
			);
			mainGroup = 1AD7D42B2EDD328800D403F3;
			minimizedProjectReferenceProxies = 1;
			preferredProjectObjectVersion = 77;
			productRefGroup = 1AD7D4352EDD328800D403F3 /* Products */;
			projectDirPath = "";
			projectRoot = "";
			targets = (
				1AD7D4332EDD328800D403F3 /* Itori */,
				1AD7D4422EDD328A00D403F3 /* ItoriTests */,
				1AD7D44C2EDD328A00D403F3 /* ItoriUITests */,
				1AE3D1192F0F3C35000BBED7 /* ItoriWatch Watch App */,
				1AE3D1252F0F3C37000BBED7 /* ItoriWatch Watch AppTests */,
				1AE3D12F2F0F3C37000BBED7 /* ItoriWatch Watch AppUITests */,
			);
		};
/* End PBXProject section */

/* Begin PBXResourcesBuildPhase section */
		1AD7D4322EDD328800D403F3 /* Resources */ = {
			isa = PBXResourcesBuildPhase;
			buildActionMask = 2147483647;
			files = (
				1A2001942F09CFFF00700496 /* itori.icon in Resources */,
			);
			runOnlyForDeploymentPostprocessing = 0;
		};
		1AD7D4412EDD328A00D403F3 /* Resources */ = {
			isa = PBXResourcesBuildPhase;
			buildActionMask = 2147483647;
			files = (
				1A2001962F09CFFF00700496 /* itori.icon in Resources */,
			);
			runOnlyForDeploymentPostprocessing = 0;
		};
		1AD7D44B2EDD328A00D403F3 /* Resources */ = {
			isa = PBXResourcesBuildPhase;
			buildActionMask = 2147483647;
			files = (
				1A2001932F09CFFF00700496 /* itori.icon in Resources */,
			);
			runOnlyForDeploymentPostprocessing = 0;
		};
		1AE3D1182F0F3C35000BBED7 /* Resources */ = {
			isa = PBXResourcesBuildPhase;
			buildActionMask = 2147483647;
			files = (
				1AE3D1902F0F3C37000BBED7 /* ItoriWatch Watch App/Assets.xcassets in Resources */,
			);
			runOnlyForDeploymentPostprocessing = 0;
		};
		1AE3D1242F0F3C37000BBED7 /* Resources */ = {
			isa = PBXResourcesBuildPhase;
			buildActionMask = 2147483647;
			files = (
			);
			runOnlyForDeploymentPostprocessing = 0;
		};
		1AE3D12E2F0F3C37000BBED7 /* Resources */ = {
			isa = PBXResourcesBuildPhase;
			buildActionMask = 2147483647;
			files = (
			);
			runOnlyForDeploymentPostprocessing = 0;
		};
/* End PBXResourcesBuildPhase section */

/* Begin PBXSourcesBuildPhase section */
		1AD7D4302EDD328800D403F3 /* Sources */ = {
			isa = PBXSourcesBuildPhase;
			buildActionMask = 2147483647;
			files = (
				1A58B1622EF58EAC0077C827 /* Notification+Names.swift in Sources */,
			);
			runOnlyForDeploymentPostprocessing = 0;
		};
		1AD7D43F2EDD328A00D403F3 /* Sources */ = {
			isa = PBXSourcesBuildPhase;
			buildActionMask = 2147483647;
			files = (
			);
			runOnlyForDeploymentPostprocessing = 0;
		};
		1AD7D4492EDD328A00D403F3 /* Sources */ = {
			isa = PBXSourcesBuildPhase;
			buildActionMask = 2147483647;
			files = (
			);
			runOnlyForDeploymentPostprocessing = 0;
		};
		1AE3D1162F0F3C35000BBED7 /* Sources */ = {
			isa = PBXSourcesBuildPhase;
			buildActionMask = 2147483647;
			files = (
			);
			runOnlyForDeploymentPostprocessing = 0;
		};
		1AE3D1222F0F3C37000BBED7 /* Sources */ = {
			isa = PBXSourcesBuildPhase;
			buildActionMask = 2147483647;
			files = (
			);
			runOnlyForDeploymentPostprocessing = 0;
		};
		1AE3D12C2F0F3C37000BBED7 /* Sources */ = {
			isa = PBXSourcesBuildPhase;
			buildActionMask = 2147483647;
			files = (
			);
			runOnlyForDeploymentPostprocessing = 0;
		};
/* End PBXSourcesBuildPhase section */

/* Begin PBXTargetDependency section */
		1AD7D4452EDD328A00D403F3 /* PBXTargetDependency */ = {
			isa = PBXTargetDependency;
			target = 1AD7D4332EDD328800D403F3 /* Itori */;
			targetProxy = 1AD7D4442EDD328A00D403F3 /* PBXContainerItemProxy */;
		};
		1AD7D44F2EDD328A00D403F3 /* PBXTargetDependency */ = {
			isa = PBXTargetDependency;
			target = 1AD7D4332EDD328800D403F3 /* Itori */;
			targetProxy = 1AD7D44E2EDD328A00D403F3 /* PBXContainerItemProxy */;
		};
		1AE3D1282F0F3C37000BBED7 /* PBXTargetDependency */ = {
			isa = PBXTargetDependency;
			target = 1AE3D1192F0F3C35000BBED7 /* ItoriWatch Watch App */;
			targetProxy = 1AE3D1272F0F3C37000BBED7 /* PBXContainerItemProxy */;
		};
		1AE3D1322F0F3C37000BBED7 /* PBXTargetDependency */ = {
			isa = PBXTargetDependency;
			target = 1AE3D1192F0F3C35000BBED7 /* ItoriWatch Watch App */;
			targetProxy = 1AE3D1312F0F3C37000BBED7 /* PBXContainerItemProxy */;
		};
		1AE3D1392F0F3C37000BBED7 /* PBXTargetDependency */ = {
			isa = PBXTargetDependency;
			target = 1AE3D1192F0F3C35000BBED7 /* ItoriWatch Watch App */;
			targetProxy = 1AE3D1382F0F3C37000BBED7 /* PBXContainerItemProxy */;
		};
/* End PBXTargetDependency section */

/* Begin XCBuildConfiguration section */
		1AD7D4552EDD328A00D403F3 /* Debug */ = {
			isa = XCBuildConfiguration;
			buildSettings = {
				ALWAYS_SEARCH_USER_PATHS = NO;
				ASSETCATALOG_COMPILER_GENERATE_SWIFT_ASSET_SYMBOL_EXTENSIONS = YES;
				CLANG_ANALYZER_LOCALIZABILITY_NONLOCALIZED = YES;
				CLANG_ANALYZER_NONNULL = YES;
				CLANG_ANALYZER_NUMBER_OBJECT_CONVERSION = YES_AGGRESSIVE;
				CLANG_CXX_LANGUAGE_STANDARD = "gnu++20";
				CLANG_ENABLE_MODULES = YES;
				CLANG_ENABLE_OBJC_ARC = YES;
				CLANG_ENABLE_OBJC_WEAK = YES;
				CLANG_WARN_BLOCK_CAPTURE_AUTORELEASING = YES;
				CLANG_WARN_BOOL_CONVERSION = YES;
				CLANG_WARN_COMMA = YES;
				CLANG_WARN_CONSTANT_CONVERSION = YES;
				CLANG_WARN_DEPRECATED_OBJC_IMPLEMENTATIONS = YES;
				CLANG_WARN_DIRECT_OBJC_ISA_USAGE = YES_ERROR;
				CLANG_WARN_DOCUMENTATION_COMMENTS = YES;
				CLANG_WARN_EMPTY_BODY = YES;
				CLANG_WARN_ENUM_CONVERSION = YES;
				CLANG_WARN_INFINITE_RECURSION = YES;
				CLANG_WARN_INT_CONVERSION = YES;
				CLANG_WARN_NON_LITERAL_NULL_CONVERSION = YES;
				CLANG_WARN_OBJC_IMPLICIT_RETAIN_SELF = YES;
				CLANG_WARN_OBJC_LITERAL_CONVERSION = YES;
				CLANG_WARN_OBJC_ROOT_CLASS = YES_ERROR;
				CLANG_WARN_QUOTED_INCLUDE_IN_FRAMEWORK_HEADER = YES;
				CLANG_WARN_RANGE_LOOP_ANALYSIS = YES;
				CLANG_WARN_STRICT_PROTOTYPES = YES;
				CLANG_WARN_SUSPICIOUS_MOVE = YES;
				CLANG_WARN_UNGUARDED_AVAILABILITY = YES_AGGRESSIVE;
				CLANG_WARN_UNREACHABLE_CODE = YES;
				CLANG_WARN__DUPLICATE_METHOD_MATCH = YES;
				CODE_SIGNING_ALLOWED = YES;
				CODE_SIGNING_REQUIRED = YES;
				CODE_SIGN_IDENTITY = "Apple Development";
				CODE_SIGN_STYLE = Automatic;
				COPY_PHASE_STRIP = NO;
				DEAD_CODE_STRIPPING = YES;
				DEBUG_INFORMATION_FORMAT = dwarf;
				DEVELOPMENT_TEAM = V9ZWYKRGTL;
				ENABLE_STRICT_OBJC_MSGSEND = YES;
				ENABLE_TESTABILITY = YES;
				ENABLE_USER_SCRIPT_SANDBOXING = YES;
				GCC_C_LANGUAGE_STANDARD = gnu17;
				GCC_DYNAMIC_NO_PIC = NO;
				GCC_NO_COMMON_BLOCKS = YES;
				GCC_OPTIMIZATION_LEVEL = 0;
				GCC_PREPROCESSOR_DEFINITIONS = (
					"DEBUG=1",
					"$(inherited)",
				);
				GCC_WARN_64_TO_32_BIT_CONVERSION = YES;
				GCC_WARN_ABOUT_RETURN_TYPE = YES_ERROR;
				GCC_WARN_UNDECLARED_SELECTOR = YES;
				GCC_WARN_UNINITIALIZED_AUTOS = YES_AGGRESSIVE;
				GCC_WARN_UNUSED_FUNCTION = YES;
				GCC_WARN_UNUSED_VARIABLE = YES;
				LOCALIZATION_PREFERS_STRING_CATALOGS = YES;
				MTL_ENABLE_DEBUG_INFO = INCLUDE_SOURCE;
				MTL_FAST_MATH = YES;
				ONLY_ACTIVE_ARCH = YES;
				STRING_CATALOG_GENERATE_SYMBOLS = YES;
				SWIFT_ACTIVE_COMPILATION_CONDITIONS = "DEBUG DISABLE_PREVIEWS DISABLE_SWIFTDATA $(inherited)";
				SWIFT_EMIT_LOCALIZED_STRINGS = NO;
				SWIFT_OPTIMIZATION_LEVEL = "-Onone";
			};
			name = Debug;
		};
		1AD7D4562EDD328A00D403F3 /* Release */ = {
			isa = XCBuildConfiguration;
			buildSettings = {
				ALWAYS_SEARCH_USER_PATHS = NO;
				ASSETCATALOG_COMPILER_GENERATE_SWIFT_ASSET_SYMBOL_EXTENSIONS = YES;
				CLANG_ANALYZER_LOCALIZABILITY_NONLOCALIZED = YES;
				CLANG_ANALYZER_NONNULL = YES;
				CLANG_ANALYZER_NUMBER_OBJECT_CONVERSION = YES_AGGRESSIVE;
				CLANG_CXX_LANGUAGE_STANDARD = "gnu++20";
				CLANG_ENABLE_MODULES = YES;
				CLANG_ENABLE_OBJC_ARC = YES;
				CLANG_ENABLE_OBJC_WEAK = YES;
				CLANG_WARN_BLOCK_CAPTURE_AUTORELEASING = YES;
				CLANG_WARN_BOOL_CONVERSION = YES;
				CLANG_WARN_COMMA = YES;
				CLANG_WARN_CONSTANT_CONVERSION = YES;
				CLANG_WARN_DEPRECATED_OBJC_IMPLEMENTATIONS = YES;
				CLANG_WARN_DIRECT_OBJC_ISA_USAGE = YES_ERROR;
				CLANG_WARN_DOCUMENTATION_COMMENTS = YES;
				CLANG_WARN_EMPTY_BODY = YES;
				CLANG_WARN_ENUM_CONVERSION = YES;
				CLANG_WARN_INFINITE_RECURSION = YES;
				CLANG_WARN_INT_CONVERSION = YES;
				CLANG_WARN_NON_LITERAL_NULL_CONVERSION = YES;
				CLANG_WARN_OBJC_IMPLICIT_RETAIN_SELF = YES;
				CLANG_WARN_OBJC_LITERAL_CONVERSION = YES;
				CLANG_WARN_OBJC_ROOT_CLASS = YES_ERROR;
				CLANG_WARN_QUOTED_INCLUDE_IN_FRAMEWORK_HEADER = YES;
				CLANG_WARN_RANGE_LOOP_ANALYSIS = YES;
				CLANG_WARN_STRICT_PROTOTYPES = YES;
				CLANG_WARN_SUSPICIOUS_MOVE = YES;
				CLANG_WARN_UNGUARDED_AVAILABILITY = YES_AGGRESSIVE;
				CLANG_WARN_UNREACHABLE_CODE = YES;
				CLANG_WARN__DUPLICATE_METHOD_MATCH = YES;
				COPY_PHASE_STRIP = NO;
				DEAD_CODE_STRIPPING = YES;
				DEBUG_INFORMATION_FORMAT = "dwarf-with-dsym";
				DEVELOPMENT_TEAM = V9ZWYKRGTL;
				ENABLE_NS_ASSERTIONS = NO;
				ENABLE_STRICT_OBJC_MSGSEND = YES;
				ENABLE_USER_SCRIPT_SANDBOXING = YES;
				GCC_C_LANGUAGE_STANDARD = gnu17;
				GCC_NO_COMMON_BLOCKS = YES;
				GCC_WARN_64_TO_32_BIT_CONVERSION = YES;
				GCC_WARN_ABOUT_RETURN_TYPE = YES_ERROR;
				GCC_WARN_UNDECLARED_SELECTOR = YES;
				GCC_WARN_UNINITIALIZED_AUTOS = YES_AGGRESSIVE;
				GCC_WARN_UNUSED_FUNCTION = YES;
				GCC_WARN_UNUSED_VARIABLE = YES;
				LOCALIZATION_PREFERS_STRING_CATALOGS = YES;
				MTL_ENABLE_DEBUG_INFO = NO;
				MTL_FAST_MATH = YES;
				STRING_CATALOG_GENERATE_SYMBOLS = YES;
				SWIFT_COMPILATION_MODE = wholemodule;
				SWIFT_EMIT_LOCALIZED_STRINGS = NO;
			};
			name = Release;
		};
		1AD7D4582EDD328A00D403F3 /* Debug */ = {
			isa = XCBuildConfiguration;
			buildSettings = {
				ALLOW_TARGET_PLATFORM_SPECIALIZATION = YES;
				ASSETCATALOG_COMPILER_APPICON_NAME = itori;
				ASSETCATALOG_COMPILER_GLOBAL_ACCENT_COLOR_NAME = AccentColor;
				ASSETCATALOG_COMPILER_INCLUDE_ALL_APPICON_ASSETS = YES;
				AUTOMATION_APPLE_EVENTS = YES;
				CODE_SIGNING_ALLOWED = YES;
				CODE_SIGNING_REQUIRED = YES;
				CODE_SIGN_ENTITLEMENTS = Config/Itori.entitlements;
				"CODE_SIGN_ENTITLEMENTS[sdk=iphoneos*]" = "Config/Itori-iOS.entitlements";
				"CODE_SIGN_ENTITLEMENTS[sdk=iphonesimulator*]" = "Config/Itori-iOS.entitlements";
				CODE_SIGN_IDENTITY = "Apple Development";
				"CODE_SIGN_IDENTITY[sdk=macosx*]" = "Apple Development";
				CODE_SIGN_STYLE = Automatic;
				CURRENT_PROJECT_VERSION = 2;
				DEAD_CODE_STRIPPING = YES;
				DEVELOPMENT_TEAM = V9ZWYKRGTL;
				"DEVELOPMENT_TEAM[sdk=macosx*]" = V9ZWYKRGTL;
				ENABLE_APP_SANDBOX = YES;
				ENABLE_HARDENED_RUNTIME = YES;
				ENABLE_INCOMING_NETWORK_CONNECTIONS = NO;
				ENABLE_OUTGOING_NETWORK_CONNECTIONS = NO;
				ENABLE_PREVIEWS = YES;
				ENABLE_RESOURCE_ACCESS_AUDIO_INPUT = NO;
				ENABLE_RESOURCE_ACCESS_BLUETOOTH = NO;
				ENABLE_RESOURCE_ACCESS_CALENDARS = YES;
				ENABLE_RESOURCE_ACCESS_CAMERA = NO;
				"ENABLE_RESOURCE_ACCESS_CAMERA[sdk=*]" = NO;
				ENABLE_RESOURCE_ACCESS_CONTACTS = NO;
				ENABLE_RESOURCE_ACCESS_LOCATION = NO;
				ENABLE_RESOURCE_ACCESS_PHOTO_LIBRARY = NO;
				ENABLE_RESOURCE_ACCESS_PRINTING = NO;
				ENABLE_RESOURCE_ACCESS_USB = NO;
				ENABLE_USER_SELECTED_FILES = readonly;
				GENERATE_INFOPLIST_FILE = YES;
				INFOPLIST_FILE = "Itori-Info.plist";
				INFOPLIST_KEY_BGTaskSchedulerPermittedIdentifiers = com.itori.background.refresh;
				INFOPLIST_KEY_CFBundleDisplayName = Itori;
				INFOPLIST_KEY_LSApplicationCategoryType = "public.app-category.productivity";
				INFOPLIST_KEY_NSCalendarsFullAccessUsageDescription = "Itori needs full calendar access to display and manage your schedule across courses and tasks.";
				INFOPLIST_KEY_NSCalendarsUsageDescription = "Itori needs access to your calendar to show and schedule classes and events.";
				INFOPLIST_KEY_NSFaceIDUsageDescription = "Itori uses Face ID to securely authenticate you when required features request identity verification.";
				INFOPLIST_KEY_NSFocusStatusUsageDescription = "Itori uses your Focus status to pause alerts and adjust notifications during study sessions.";
				INFOPLIST_KEY_NSRemindersFullAccessUsageDescription = "Itori needs full reminders access to sync and manage your tasks safely across devices.";
				INFOPLIST_KEY_NSRemindersUsageDescription = "Itori needs access to your reminders to show tasks alongside your assignments.";
				INFOPLIST_KEY_NSUserNotificationUsageDescription = "Itori uses notifications to alert you when timers or scheduled tasks are finished.";
				"INFOPLIST_KEY_UIApplicationSceneManifest_Generation[sdk=iphoneos*]" = YES;
				"INFOPLIST_KEY_UIApplicationSceneManifest_Generation[sdk=iphonesimulator*]" = YES;
				"INFOPLIST_KEY_UIApplicationSupportsIndirectInputEvents[sdk=iphoneos*]" = YES;
				"INFOPLIST_KEY_UIApplicationSupportsIndirectInputEvents[sdk=iphonesimulator*]" = YES;
				INFOPLIST_KEY_UIApplicationSupportsMultipleScenes = YES;
				"INFOPLIST_KEY_UIBackgroundModes[sdk=iphoneos*]" = "fetch remote-notification";
				"INFOPLIST_KEY_UIBackgroundModes[sdk=iphonesimulator*]" = "fetch remote-notification";
				"INFOPLIST_KEY_UILaunchScreen_Generation[sdk=iphoneos*]" = YES;
				"INFOPLIST_KEY_UILaunchScreen_Generation[sdk=iphonesimulator*]" = YES;
				INFOPLIST_KEY_UIStatusBarHidden = YES;
				INFOPLIST_KEY_UIStatusBarStyle = "";
				"INFOPLIST_KEY_UIStatusBarStyle[sdk=iphoneos*]" = UIStatusBarStyleDefault;
				"INFOPLIST_KEY_UIStatusBarStyle[sdk=iphonesimulator*]" = UIStatusBarStyleDefault;
				INFOPLIST_KEY_UISupportedInterfaceOrientations = UIInterfaceOrientationPortrait;
				INFOPLIST_KEY_UISupportedInterfaceOrientations_iPad = "UIInterfaceOrientationLandscapeLeft UIInterfaceOrientationLandscapeRight UIInterfaceOrientationPortrait UIInterfaceOrientationPortraitUpsideDown";
				INFOPLIST_KEY_UTExportedTypeDeclarations = "{\n    UTTypeConformsTo =     (\n        \"public.data\"\n    );\n    UTTypeDescription = \"Itori Assignment\";\n    UTTypeIdentifier = \"com.itori.assignment\";\n} {\n    UTTypeConformsTo =     (\n        \"public.data\"\n    );\n    UTTypeDescription = \"Itori Course\";\n    UTTypeIdentifier = \"com.itori.course\";\n} {\n    UTTypeConformsTo =     (\n        \"public.data\"\n    );\n    UTTypeDescription = \"Itori Session\";\n    UTTypeIdentifier = \"com.itori.session\";\n}";
				IPHONEOS_DEPLOYMENT_TARGET = 17.0;
				LD_RUNPATH_SEARCH_PATHS = "@executable_path/Frameworks";
				"LD_RUNPATH_SEARCH_PATHS[sdk=macosx*]" = "@executable_path/../Frameworks";
				MACOSX_DEPLOYMENT_TARGET = 14.0;
				MARKETING_VERSION = 1.1.0;
				PRODUCT_BUNDLE_IDENTIFIER = clewisiii.Itori;
				"PRODUCT_BUNDLE_IDENTIFIER[sdk=iphoneos*]" = clewisiii.Itori;
				PRODUCT_NAME = "$(TARGET_NAME)";
				PROVISIONING_PROFILE_SPECIFIER = "";
				REGISTER_APP_GROUPS = YES;
				RUNTIME_EXCEPTION_ALLOW_DYLD_ENVIRONMENT_VARIABLES = NO;
				RUNTIME_EXCEPTION_ALLOW_JIT = NO;
				RUNTIME_EXCEPTION_ALLOW_UNSIGNED_EXECUTABLE_MEMORY = NO;
				RUNTIME_EXCEPTION_DEBUGGING_TOOL = NO;
				RUNTIME_EXCEPTION_DISABLE_EXECUTABLE_PAGE_PROTECTION = NO;
				RUNTIME_EXCEPTION_DISABLE_LIBRARY_VALIDATION = NO;
				SDKROOT = auto;
				STRING_CATALOG_GENERATE_SYMBOLS = YES;
				SUPPORTED_PLATFORMS = "iphoneos iphonesimulator macosx";
				SUPPORTS_MACCATALYST = NO;
				SWIFT_APPROACHABLE_CONCURRENCY = YES;
				SWIFT_DEFAULT_ACTOR_ISOLATION = MainActor;
				SWIFT_EMIT_LOC_STRINGS = NO;
				SWIFT_UPCOMING_FEATURE_MEMBER_IMPORT_VISIBILITY = YES;
				SWIFT_VERSION = 5.0;
				TARGETED_DEVICE_FAMILY = "1,2";
				XROS_DEPLOYMENT_TARGET = 26.1;
			};
			name = Debug;
		};
		1AD7D4592EDD328A00D403F3 /* Release */ = {
			isa = XCBuildConfiguration;
			buildSettings = {
				ALLOW_TARGET_PLATFORM_SPECIALIZATION = YES;
				ASSETCATALOG_COMPILER_APPICON_NAME = itori;
				ASSETCATALOG_COMPILER_GLOBAL_ACCENT_COLOR_NAME = AccentColor;
				ASSETCATALOG_COMPILER_INCLUDE_ALL_APPICON_ASSETS = YES;
				AUTOMATION_APPLE_EVENTS = YES;
				CODE_SIGN_ENTITLEMENTS = Config/Itori.entitlements;
				"CODE_SIGN_ENTITLEMENTS[sdk=iphoneos*]" = "Config/Itori-iOS.entitlements";
				"CODE_SIGN_ENTITLEMENTS[sdk=iphonesimulator*]" = "Config/Itori-iOS.entitlements";
				CODE_SIGN_STYLE = Automatic;
				CURRENT_PROJECT_VERSION = 2;
				DEAD_CODE_STRIPPING = YES;
				DEVELOPMENT_TEAM = V9ZWYKRGTL;
				ENABLE_APP_SANDBOX = YES;
				ENABLE_HARDENED_RUNTIME = YES;
				ENABLE_INCOMING_NETWORK_CONNECTIONS = NO;
				ENABLE_OUTGOING_NETWORK_CONNECTIONS = NO;
				ENABLE_PREVIEWS = YES;
				ENABLE_RESOURCE_ACCESS_AUDIO_INPUT = NO;
				ENABLE_RESOURCE_ACCESS_BLUETOOTH = NO;
				ENABLE_RESOURCE_ACCESS_CALENDARS = YES;
				ENABLE_RESOURCE_ACCESS_CAMERA = NO;
				ENABLE_RESOURCE_ACCESS_CONTACTS = NO;
				ENABLE_RESOURCE_ACCESS_LOCATION = NO;
				ENABLE_RESOURCE_ACCESS_PHOTO_LIBRARY = NO;
				ENABLE_RESOURCE_ACCESS_PRINTING = NO;
				ENABLE_RESOURCE_ACCESS_USB = NO;
				ENABLE_USER_SELECTED_FILES = readonly;
				GENERATE_INFOPLIST_FILE = YES;
				INFOPLIST_FILE = "Itori-Info.plist";
				INFOPLIST_KEY_BGTaskSchedulerPermittedIdentifiers = com.itori.background.refresh;
				INFOPLIST_KEY_CFBundleDisplayName = Itori;
				INFOPLIST_KEY_LSApplicationCategoryType = "public.app-category.productivity";
				INFOPLIST_KEY_NSCalendarsFullAccessUsageDescription = "Itori needs full calendar access to display and manage your schedule across courses and tasks.";
				INFOPLIST_KEY_NSCalendarsUsageDescription = "Itori needs access to your calendar to show and schedule classes and events.";
				INFOPLIST_KEY_NSFaceIDUsageDescription = "Itori uses Face ID to securely authenticate you when required features request identity verification.";
				INFOPLIST_KEY_NSFocusStatusUsageDescription = "Itori uses your Focus status to pause alerts and adjust notifications during study sessions.";
				INFOPLIST_KEY_NSRemindersFullAccessUsageDescription = "Itori needs full reminders access to sync and manage your tasks safely across devices.";
				INFOPLIST_KEY_NSRemindersUsageDescription = "Itori needs access to your reminders to show tasks alongside your assignments.";
				INFOPLIST_KEY_NSUserNotificationUsageDescription = "Itori uses notifications to alert you when timers or scheduled tasks are finished.";
				"INFOPLIST_KEY_UIApplicationSceneManifest_Generation[sdk=iphoneos*]" = YES;
				"INFOPLIST_KEY_UIApplicationSceneManifest_Generation[sdk=iphonesimulator*]" = YES;
				"INFOPLIST_KEY_UIApplicationSupportsIndirectInputEvents[sdk=iphoneos*]" = YES;
				"INFOPLIST_KEY_UIApplicationSupportsIndirectInputEvents[sdk=iphonesimulator*]" = YES;
				INFOPLIST_KEY_UIApplicationSupportsMultipleScenes = YES;
				"INFOPLIST_KEY_UIBackgroundModes[sdk=iphoneos*]" = "fetch remote-notification";
				"INFOPLIST_KEY_UIBackgroundModes[sdk=iphonesimulator*]" = "fetch remote-notification";
				"INFOPLIST_KEY_UILaunchScreen_Generation[sdk=iphoneos*]" = YES;
				"INFOPLIST_KEY_UILaunchScreen_Generation[sdk=iphonesimulator*]" = YES;
				INFOPLIST_KEY_UIStatusBarHidden = YES;
				INFOPLIST_KEY_UIStatusBarStyle = "";
				"INFOPLIST_KEY_UIStatusBarStyle[sdk=iphoneos*]" = UIStatusBarStyleDefault;
				"INFOPLIST_KEY_UIStatusBarStyle[sdk=iphonesimulator*]" = UIStatusBarStyleDefault;
				INFOPLIST_KEY_UISupportedInterfaceOrientations = UIInterfaceOrientationPortrait;
				INFOPLIST_KEY_UISupportedInterfaceOrientations_iPad = "UIInterfaceOrientationLandscapeLeft UIInterfaceOrientationLandscapeRight UIInterfaceOrientationPortrait UIInterfaceOrientationPortraitUpsideDown";
				INFOPLIST_KEY_UTExportedTypeDeclarations = "{\n    UTTypeConformsTo =     (\n        \"public.data\"\n    );\n    UTTypeDescription = \"Itori Assignment\";\n    UTTypeIdentifier = \"com.itori.assignment\";\n} {\n    UTTypeConformsTo =     (\n        \"public.data\"\n    );\n    UTTypeDescription = \"Itori Course\";\n    UTTypeIdentifier = \"com.itori.course\";\n} {\n    UTTypeConformsTo =     (\n        \"public.data\"\n    );\n    UTTypeDescription = \"Itori Session\";\n    UTTypeIdentifier = \"com.itori.session\";\n}";
				IPHONEOS_DEPLOYMENT_TARGET = 17.0;
				LD_RUNPATH_SEARCH_PATHS = "@executable_path/Frameworks";
				"LD_RUNPATH_SEARCH_PATHS[sdk=macosx*]" = "@executable_path/../Frameworks";
				MACOSX_DEPLOYMENT_TARGET = 14.0;
				MARKETING_VERSION = 1.1.0;
				PRODUCT_BUNDLE_IDENTIFIER = clewisiii.Itori;
				"PRODUCT_BUNDLE_IDENTIFIER[sdk=iphoneos*]" = clewisiii.Itori;
				PRODUCT_NAME = "$(TARGET_NAME)";
				REGISTER_APP_GROUPS = YES;
				RUNTIME_EXCEPTION_ALLOW_DYLD_ENVIRONMENT_VARIABLES = NO;
				RUNTIME_EXCEPTION_ALLOW_JIT = NO;
				RUNTIME_EXCEPTION_ALLOW_UNSIGNED_EXECUTABLE_MEMORY = NO;
				RUNTIME_EXCEPTION_DEBUGGING_TOOL = NO;
				RUNTIME_EXCEPTION_DISABLE_EXECUTABLE_PAGE_PROTECTION = NO;
				RUNTIME_EXCEPTION_DISABLE_LIBRARY_VALIDATION = NO;
				SDKROOT = auto;
				STRING_CATALOG_GENERATE_SYMBOLS = YES;
				SUPPORTED_PLATFORMS = "iphoneos iphonesimulator macosx";
				SUPPORTS_MACCATALYST = NO;
				SWIFT_APPROACHABLE_CONCURRENCY = YES;
				SWIFT_DEFAULT_ACTOR_ISOLATION = MainActor;
				SWIFT_EMIT_LOC_STRINGS = NO;
				SWIFT_UPCOMING_FEATURE_MEMBER_IMPORT_VISIBILITY = YES;
				SWIFT_VERSION = 5.0;
				TARGETED_DEVICE_FAMILY = "1,2";
				XROS_DEPLOYMENT_TARGET = 26.1;
			};
			name = Release;
		};
		1AD7D45B2EDD328A00D403F3 /* Debug */ = {
			isa = XCBuildConfiguration;
			buildSettings = {
				BUNDLE_LOADER = "$(TEST_HOST)";
				CODE_SIGNING_ALLOWED = YES;
				CODE_SIGNING_REQUIRED = YES;
				CODE_SIGN_IDENTITY = "Apple Development";
				CODE_SIGN_STYLE = Automatic;
				CURRENT_PROJECT_VERSION = 2;
				DEAD_CODE_STRIPPING = YES;
				DEVELOPMENT_TEAM = V9ZWYKRGTL;
				GENERATE_INFOPLIST_FILE = YES;
				IPHONEOS_DEPLOYMENT_TARGET = 17.0;
				MACOSX_DEPLOYMENT_TARGET = 15.7;
				MARKETING_VERSION = 1.1.0;
				PRODUCT_BUNDLE_IDENTIFIER = clewisiii.ItoriTests;
				PRODUCT_NAME = "$(TARGET_NAME)";
				SDKROOT = auto;
				STRING_CATALOG_GENERATE_SYMBOLS = NO;
				SUPPORTED_PLATFORMS = "iphoneos iphonesimulator macosx";
				SUPPORTS_MACCATALYST = NO;
				SWIFT_APPROACHABLE_CONCURRENCY = YES;
				SWIFT_EMIT_LOC_STRINGS = NO;
				SWIFT_UPCOMING_FEATURE_MEMBER_IMPORT_VISIBILITY = YES;
				SWIFT_VERSION = 5.0;
				TARGETED_DEVICE_FAMILY = "1,2";
				TEST_HOST = "$(BUILT_PRODUCTS_DIR)/Itori.app/$(BUNDLE_EXECUTABLE_FOLDER_PATH)/Itori";
				XROS_DEPLOYMENT_TARGET = 26.1;
			};
			name = Debug;
		};
		1AD7D45C2EDD328A00D403F3 /* Release */ = {
			isa = XCBuildConfiguration;
			buildSettings = {
				BUNDLE_LOADER = "$(TEST_HOST)";
				CODE_SIGNING_ALLOWED = YES;
				CODE_SIGNING_REQUIRED = YES;
				CODE_SIGN_IDENTITY = "Apple Development";
				CODE_SIGN_STYLE = Automatic;
				CURRENT_PROJECT_VERSION = 2;
				DEAD_CODE_STRIPPING = YES;
				DEVELOPMENT_TEAM = V9ZWYKRGTL;
				GENERATE_INFOPLIST_FILE = YES;
				IPHONEOS_DEPLOYMENT_TARGET = 17.0;
				MACOSX_DEPLOYMENT_TARGET = 15.7;
				MARKETING_VERSION = 1.1.0;
				PRODUCT_BUNDLE_IDENTIFIER = clewisiii.ItoriTests;
				PRODUCT_NAME = "$(TARGET_NAME)";
				SDKROOT = auto;
				STRING_CATALOG_GENERATE_SYMBOLS = NO;
				SUPPORTED_PLATFORMS = "iphoneos iphonesimulator macosx";
				SUPPORTS_MACCATALYST = NO;
				SWIFT_APPROACHABLE_CONCURRENCY = YES;
				SWIFT_EMIT_LOC_STRINGS = NO;
				SWIFT_UPCOMING_FEATURE_MEMBER_IMPORT_VISIBILITY = YES;
				SWIFT_VERSION = 5.0;
				TARGETED_DEVICE_FAMILY = "1,2";
				TEST_HOST = "$(BUILT_PRODUCTS_DIR)/Itori.app/$(BUNDLE_EXECUTABLE_FOLDER_PATH)/Itori";
				XROS_DEPLOYMENT_TARGET = 26.1;
			};
			name = Release;
		};
		1AD7D45E2EDD328A00D403F3 /* Debug */ = {
			isa = XCBuildConfiguration;
			buildSettings = {
				CODE_SIGNING_ALLOWED = YES;
				CODE_SIGNING_REQUIRED = YES;
				CODE_SIGN_IDENTITY = "Apple Development";
				CODE_SIGN_STYLE = Automatic;
				CURRENT_PROJECT_VERSION = 2;
				DEAD_CODE_STRIPPING = YES;
				DEVELOPMENT_TEAM = V9ZWYKRGTL;
				GENERATE_INFOPLIST_FILE = YES;
				IPHONEOS_DEPLOYMENT_TARGET = 17.0;
				MACOSX_DEPLOYMENT_TARGET = 15.7;
				MARKETING_VERSION = 1.1.0;
				PRODUCT_BUNDLE_IDENTIFIER = clewisiii.ItoriUITests;
				PRODUCT_NAME = "$(TARGET_NAME)";
				SDKROOT = auto;
				STRING_CATALOG_GENERATE_SYMBOLS = NO;
				SUPPORTED_PLATFORMS = "iphoneos iphonesimulator macosx xros xrsimulator";
				SWIFT_APPROACHABLE_CONCURRENCY = YES;
				SWIFT_EMIT_LOC_STRINGS = NO;
				SWIFT_UPCOMING_FEATURE_MEMBER_IMPORT_VISIBILITY = YES;
				SWIFT_VERSION = 5.0;
				TARGETED_DEVICE_FAMILY = "1,2,7";
				TEST_TARGET_NAME = Itori;
				XROS_DEPLOYMENT_TARGET = 26.1;
			};
			name = Debug;
		};
		1AD7D45F2EDD328A00D403F3 /* Release */ = {
			isa = XCBuildConfiguration;
			buildSettings = {
				CODE_SIGNING_ALLOWED = YES;
				CODE_SIGNING_REQUIRED = YES;
				CODE_SIGN_IDENTITY = "Apple Development";
				CODE_SIGN_STYLE = Automatic;
				CURRENT_PROJECT_VERSION = 2;
				DEAD_CODE_STRIPPING = YES;
				DEVELOPMENT_TEAM = V9ZWYKRGTL;
				GENERATE_INFOPLIST_FILE = YES;
				IPHONEOS_DEPLOYMENT_TARGET = 17.0;
				MACOSX_DEPLOYMENT_TARGET = 15.7;
				MARKETING_VERSION = 1.1.0;
				PRODUCT_BUNDLE_IDENTIFIER = clewisiii.ItoriUITests;
				PRODUCT_NAME = "$(TARGET_NAME)";
				SDKROOT = auto;
				STRING_CATALOG_GENERATE_SYMBOLS = NO;
				SUPPORTED_PLATFORMS = "iphoneos iphonesimulator macosx xros xrsimulator";
				SWIFT_APPROACHABLE_CONCURRENCY = YES;
				SWIFT_EMIT_LOC_STRINGS = NO;
				SWIFT_UPCOMING_FEATURE_MEMBER_IMPORT_VISIBILITY = YES;
				SWIFT_VERSION = 5.0;
				TARGETED_DEVICE_FAMILY = "1,2,7";
				TEST_TARGET_NAME = Itori;
				XROS_DEPLOYMENT_TARGET = 26.1;
			};
			name = Release;
		};
		1AE3D13C2F0F3C37000BBED7 /* Debug */ = {
			isa = XCBuildConfiguration;
			buildSettings = {
				ASSETCATALOG_COMPILER_APPICON_NAME = Itori;
				ASSETCATALOG_COMPILER_GLOBAL_ACCENT_COLOR_NAME = AccentColor;
				ASSETCATALOG_COMPILER_INCLUDE_ALL_APPICON_ASSETS = YES;
				CODE_SIGN_IDENTITY = "Apple Development";
				"CODE_SIGN_IDENTITY[sdk=macosx*]" = "Apple Development";
				CODE_SIGN_STYLE = Automatic;
				CURRENT_PROJECT_VERSION = 2;
				DEVELOPMENT_TEAM = V9ZWYKRGTL;
				ENABLE_PREVIEWS = YES;
				GENERATE_INFOPLIST_FILE = NO;
				INFOPLIST_FILE = Platforms/watchOS/App/Info.plist;
				INFOPLIST_KEY_CFBundleDisplayName = ItoriWatch;
				INFOPLIST_KEY_UISupportedInterfaceOrientations = "UIInterfaceOrientationPortrait UIInterfaceOrientationPortraitUpsideDown";
				INFOPLIST_KEY_WKCompanionAppBundleIdentifier = "";
				LD_RUNPATH_SEARCH_PATHS = (
					"$(inherited)",
					"@executable_path/Frameworks",
				);
				MARKETING_VERSION = 1.1.0;
				PRODUCT_BUNDLE_IDENTIFIER = clewisiii.Itori.watchkitapp;
				PRODUCT_NAME = "$(TARGET_NAME)";
				SDKROOT = watchos;
				SKIP_INSTALL = YES;
				STRING_CATALOG_GENERATE_SYMBOLS = YES;
				SWIFT_ACTIVE_COMPILATION_CONDITIONS = "DEBUG $(inherited)";
				SWIFT_APPROACHABLE_CONCURRENCY = YES;
				SWIFT_DEFAULT_ACTOR_ISOLATION = MainActor;
				SWIFT_EMIT_LOC_STRINGS = YES;
				SWIFT_UPCOMING_FEATURE_MEMBER_IMPORT_VISIBILITY = YES;
				SWIFT_VERSION = 5.0;
				TARGETED_DEVICE_FAMILY = 4;
				WATCHOS_DEPLOYMENT_TARGET = 26.2;
			};
			name = Debug;
		};
		1AE3D13D2F0F3C37000BBED7 /* Release */ = {
			isa = XCBuildConfiguration;
			buildSettings = {
				ASSETCATALOG_COMPILER_APPICON_NAME = Itori;
				ASSETCATALOG_COMPILER_GLOBAL_ACCENT_COLOR_NAME = AccentColor;
				ASSETCATALOG_COMPILER_INCLUDE_ALL_APPICON_ASSETS = YES;
				CODE_SIGN_STYLE = Automatic;
				CURRENT_PROJECT_VERSION = 2;
				DEVELOPMENT_TEAM = V9ZWYKRGTL;
				ENABLE_PREVIEWS = YES;
				GENERATE_INFOPLIST_FILE = NO;
				INFOPLIST_FILE = Platforms/watchOS/App/Info.plist;
				INFOPLIST_KEY_CFBundleDisplayName = ItoriWatch;
				INFOPLIST_KEY_UISupportedInterfaceOrientations = "UIInterfaceOrientationPortrait UIInterfaceOrientationPortraitUpsideDown";
				INFOPLIST_KEY_WKCompanionAppBundleIdentifier = "";
				LD_RUNPATH_SEARCH_PATHS = (
					"$(inherited)",
					"@executable_path/Frameworks",
				);
				MARKETING_VERSION = 1.1.0;
				PRODUCT_BUNDLE_IDENTIFIER = clewisiii.Itori.watchkitapp;
				PRODUCT_NAME = "$(TARGET_NAME)";
				SDKROOT = watchos;
				SKIP_INSTALL = YES;
				STRING_CATALOG_GENERATE_SYMBOLS = YES;
				SWIFT_APPROACHABLE_CONCURRENCY = YES;
				SWIFT_DEFAULT_ACTOR_ISOLATION = MainActor;
				SWIFT_EMIT_LOC_STRINGS = YES;
				SWIFT_UPCOMING_FEATURE_MEMBER_IMPORT_VISIBILITY = YES;
				SWIFT_VERSION = 5.0;
				TARGETED_DEVICE_FAMILY = 4;
				VALIDATE_PRODUCT = YES;
				WATCHOS_DEPLOYMENT_TARGET = 26.2;
			};
			name = Release;
		};
		1AE3D1402F0F3C37000BBED7 /* Debug */ = {
			isa = XCBuildConfiguration;
			buildSettings = {
				BUNDLE_LOADER = "$(TEST_HOST)";
				CODE_SIGN_STYLE = Automatic;
				CURRENT_PROJECT_VERSION = 2;
				DEVELOPMENT_TEAM = V9ZWYKRGTL;
				GENERATE_INFOPLIST_FILE = YES;
				MARKETING_VERSION = 1.1.0;
				PRODUCT_BUNDLE_IDENTIFIER = "clewisiii.ItoriWatch-Watch-AppTests";
				PRODUCT_NAME = "$(TARGET_NAME)";
				SDKROOT = watchos;
				STRING_CATALOG_GENERATE_SYMBOLS = NO;
				SWIFT_ACTIVE_COMPILATION_CONDITIONS = "DEBUG $(inherited)";
				SWIFT_APPROACHABLE_CONCURRENCY = YES;
				SWIFT_EMIT_LOC_STRINGS = NO;
				SWIFT_UPCOMING_FEATURE_MEMBER_IMPORT_VISIBILITY = YES;
				SWIFT_VERSION = 5.0;
				TARGETED_DEVICE_FAMILY = 4;
				TEST_HOST = "$(BUILT_PRODUCTS_DIR)/ItoriWatch Watch App.app/$(BUNDLE_EXECUTABLE_FOLDER_PATH)/ItoriWatch Watch App";
				WATCHOS_DEPLOYMENT_TARGET = 26.2;
			};
			name = Debug;
		};
		1AE3D1412F0F3C37000BBED7 /* Release */ = {
			isa = XCBuildConfiguration;
			buildSettings = {
				BUNDLE_LOADER = "$(TEST_HOST)";
				CODE_SIGN_STYLE = Automatic;
				CURRENT_PROJECT_VERSION = 2;
				DEVELOPMENT_TEAM = V9ZWYKRGTL;
				GENERATE_INFOPLIST_FILE = YES;
				MARKETING_VERSION = 1.1.0;
				PRODUCT_BUNDLE_IDENTIFIER = "clewisiii.ItoriWatch-Watch-AppTests";
				PRODUCT_NAME = "$(TARGET_NAME)";
				SDKROOT = watchos;
				STRING_CATALOG_GENERATE_SYMBOLS = NO;
				SWIFT_APPROACHABLE_CONCURRENCY = YES;
				SWIFT_EMIT_LOC_STRINGS = NO;
				SWIFT_UPCOMING_FEATURE_MEMBER_IMPORT_VISIBILITY = YES;
				SWIFT_VERSION = 5.0;
				TARGETED_DEVICE_FAMILY = 4;
				TEST_HOST = "$(BUILT_PRODUCTS_DIR)/ItoriWatch Watch App.app/$(BUNDLE_EXECUTABLE_FOLDER_PATH)/ItoriWatch Watch App";
				VALIDATE_PRODUCT = YES;
				WATCHOS_DEPLOYMENT_TARGET = 26.2;
			};
			name = Release;
		};
		1AE3D1432F0F3C37000BBED7 /* Debug */ = {
			isa = XCBuildConfiguration;
			buildSettings = {
				CODE_SIGN_STYLE = Automatic;
				CURRENT_PROJECT_VERSION = 2;
				DEVELOPMENT_TEAM = V9ZWYKRGTL;
				GENERATE_INFOPLIST_FILE = YES;
				MARKETING_VERSION = 1.1.0;
				PRODUCT_BUNDLE_IDENTIFIER = "clewisiii.ItoriWatch-Watch-AppUITests";
				PRODUCT_NAME = "$(TARGET_NAME)";
				SDKROOT = watchos;
				STRING_CATALOG_GENERATE_SYMBOLS = NO;
				SWIFT_ACTIVE_COMPILATION_CONDITIONS = "DEBUG $(inherited)";
				SWIFT_APPROACHABLE_CONCURRENCY = YES;
				SWIFT_EMIT_LOC_STRINGS = NO;
				SWIFT_UPCOMING_FEATURE_MEMBER_IMPORT_VISIBILITY = YES;
				SWIFT_VERSION = 5.0;
				TARGETED_DEVICE_FAMILY = 4;
				TEST_TARGET_NAME = "ItoriWatch Watch App";
				WATCHOS_DEPLOYMENT_TARGET = 26.2;
			};
			name = Debug;
		};
		1AE3D1442F0F3C37000BBED7 /* Release */ = {
			isa = XCBuildConfiguration;
			buildSettings = {
				CODE_SIGN_STYLE = Automatic;
				CURRENT_PROJECT_VERSION = 2;
				DEVELOPMENT_TEAM = V9ZWYKRGTL;
				GENERATE_INFOPLIST_FILE = YES;
				MARKETING_VERSION = 1.1.0;
				PRODUCT_BUNDLE_IDENTIFIER = "clewisiii.ItoriWatch-Watch-AppUITests";
				PRODUCT_NAME = "$(TARGET_NAME)";
				SDKROOT = watchos;
				STRING_CATALOG_GENERATE_SYMBOLS = NO;
				SWIFT_APPROACHABLE_CONCURRENCY = YES;
				SWIFT_EMIT_LOC_STRINGS = NO;
				SWIFT_UPCOMING_FEATURE_MEMBER_IMPORT_VISIBILITY = YES;
				SWIFT_VERSION = 5.0;
				TARGETED_DEVICE_FAMILY = 4;
				TEST_TARGET_NAME = "ItoriWatch Watch App";
				VALIDATE_PRODUCT = YES;
				WATCHOS_DEPLOYMENT_TARGET = 26.2;
			};
			name = Release;
		};
/* End XCBuildConfiguration section */

/* Begin XCConfigurationList section */
		1AD7D42F2EDD328800D403F3 /* Build configuration list for PBXProject "ItoriApp" */ = {
			isa = XCConfigurationList;
			buildConfigurations = (
				1AD7D4552EDD328A00D403F3 /* Debug */,
				1AD7D4562EDD328A00D403F3 /* Release */,
			);
			defaultConfigurationIsVisible = 0;
			defaultConfigurationName = Release;
		};
		1AD7D4572EDD328A00D403F3 /* Build configuration list for PBXNativeTarget "Itori" */ = {
			isa = XCConfigurationList;
			buildConfigurations = (
				1AD7D4582EDD328A00D403F3 /* Debug */,
				1AD7D4592EDD328A00D403F3 /* Release */,
			);
			defaultConfigurationIsVisible = 0;
			defaultConfigurationName = Release;
		};
		1AD7D45A2EDD328A00D403F3 /* Build configuration list for PBXNativeTarget "ItoriTests" */ = {
			isa = XCConfigurationList;
			buildConfigurations = (
				1AD7D45B2EDD328A00D403F3 /* Debug */,
				1AD7D45C2EDD328A00D403F3 /* Release */,
			);
			defaultConfigurationIsVisible = 0;
			defaultConfigurationName = Release;
		};
		1AD7D45D2EDD328A00D403F3 /* Build configuration list for PBXNativeTarget "ItoriUITests" */ = {
			isa = XCConfigurationList;
			buildConfigurations = (
				1AD7D45E2EDD328A00D403F3 /* Debug */,
				1AD7D45F2EDD328A00D403F3 /* Release */,
			);
			defaultConfigurationIsVisible = 0;
			defaultConfigurationName = Release;
		};
		1AE3D13B2F0F3C37000BBED7 /* Build configuration list for PBXNativeTarget "ItoriWatch Watch App" */ = {
			isa = XCConfigurationList;
			buildConfigurations = (
				1AE3D13C2F0F3C37000BBED7 /* Debug */,
				1AE3D13D2F0F3C37000BBED7 /* Release */,
			);
			defaultConfigurationIsVisible = 0;
			defaultConfigurationName = Release;
		};
		1AE3D13F2F0F3C37000BBED7 /* Build configuration list for PBXNativeTarget "ItoriWatch Watch AppTests" */ = {
			isa = XCConfigurationList;
			buildConfigurations = (
				1AE3D1402F0F3C37000BBED7 /* Debug */,
				1AE3D1412F0F3C37000BBED7 /* Release */,
			);
			defaultConfigurationIsVisible = 0;
			defaultConfigurationName = Release;
		};
		1AE3D1422F0F3C37000BBED7 /* Build configuration list for PBXNativeTarget "ItoriWatch Watch AppUITests" */ = {
			isa = XCConfigurationList;
			buildConfigurations = (
				1AE3D1432F0F3C37000BBED7 /* Debug */,
				1AE3D1442F0F3C37000BBED7 /* Release */,
			);
			defaultConfigurationIsVisible = 0;
			defaultConfigurationName = Release;
		};
/* End XCConfigurationList section */
	};
	rootObject = 1AD7D42C2EDD328800D403F3 /* Project object */;
}
